
Microsoft Visual Studio Solution File, Format Version 12.00
# Visual Studio Version 16
VisualStudioVersion = 16.0.29905.134
MinimumVisualStudioVersion = 10.0.40219.1
Project("{9A19103F-16F7-4668-BE54-9A1E7A4F7556}") = "Dates", "DateTime\Dates.csproj", "{B0BDD66A-CABD-41D3-A3F8-CC09BED6C2D2}"
EndProject
Project("{9A19103F-16F7-4668-BE54-9A1E7A4F7556}") = "dzukche_i.e._doggy", "dzukche_i.e._dog\dzukche_i.e._doggy.csproj", "{F1A5EF93-6CE4-4686-8FA7-F48CB335B4B3}"
EndProject
Project("{9A19103F-16F7-4668-BE54-9A1E7A4F7556}") = "Driver", "Driver\Driver.csproj", "{4499049A-38E0-414B-9869-F9AD68885FBF}"
EndProject
Project("{9A19103F-16F7-4668-BE54-9A1E7A4F7556}") = "car_troubleshooter", "car_troubleshooter\car_troubleshooter.csproj", "{7475E4E3-AA59-4A2E-A201-BD62A1D3DA50}"
EndProject
Global
	GlobalSection(SolutionConfigurationPlatforms) = preSolution
		Debug|Any CPU = Debug|Any CPU
		Release|Any CPU = Release|Any CPU
	EndGlobalSection
	GlobalSection(ProjectConfigurationPlatforms) = postSolution
		{B0BDD66A-CABD-41D3-A3F8-CC09BED6C2D2}.Debug|Any CPU.ActiveCfg = Debug|Any CPU
		{B0BDD66A-CABD-41D3-A3F8-CC09BED6C2D2}.Debug|Any CPU.Build.0 = Debug|Any CPU
		{B0BDD66A-CABD-41D3-A3F8-CC09BED6C2D2}.Release|Any CPU.ActiveCfg = Release|Any CPU
		{B0BDD66A-CABD-41D3-A3F8-CC09BED6C2D2}.Release|Any CPU.Build.0 = Release|Any CPU
		{F1A5EF93-6CE4-4686-8FA7-F48CB335B4B3}.Debug|Any CPU.ActiveCfg = Debug|Any CPU
		{F1A5EF93-6CE4-4686-8FA7-F48CB335B4B3}.Debug|Any CPU.Build.0 = Debug|Any CPU
		{F1A5EF93-6CE4-4686-8FA7-F48CB335B4B3}.Release|Any CPU.ActiveCfg = Release|Any CPU
		{F1A5EF93-6CE4-4686-8FA7-F48CB335B4B3}.Release|Any CPU.Build.0 = Release|Any CPU
		{4499049A-38E0-414B-9869-F9AD68885FBF}.Debug|Any CPU.ActiveCfg = Debug|Any CPU
		{4499049A-38E0-414B-9869-F9AD68885FBF}.Debug|Any CPU.Build.0 = Debug|Any CPU
		{4499049A-38E0-414B-9869-F9AD68885FBF}.Release|Any CPU.ActiveCfg = Release|Any CPU
		{4499049A-38E0-414B-9869-F9AD68885FBF}.Release|Any CPU.Build.0 = Release|Any CPU
		{7475E4E3-AA59-4A2E-A201-BD62A1D3DA50}.Debug|Any CPU.ActiveCfg = Debug|Any CPU
		{7475E4E3-AA59-4A2E-A201-BD62A1D3DA50}.Debug|Any CPU.Build.0 = Debug|Any CPU
		{7475E4E3-AA59-4A2E-A201-BD62A1D3DA50}.Release|Any CPU.ActiveCfg = Release|Any CPU
		{7475E4E3-AA59-4A2E-A201-BD62A1D3DA50}.Release|Any CPU.Build.0 = Release|Any CPU
	EndGlobalSection
	GlobalSection(SolutionProperties) = preSolution
		HideSolutionNode = FALSE
	EndGlobalSection
	GlobalSection(ExtensibilityGlobals) = postSolution
		SolutionGuid = {77B280B1-47C0-423B-87AC-23663DD5E8EF}
	EndGlobalSection
EndGlobal
